
Microsoft Visual Studio Solution File, Format Version 12.00
# Visual Studio Version 17
VisualStudioVersion = 17.6.33815.320
MinimumVisualStudioVersion = 10.0.40219.1
Project("{9A19103F-16F7-4668-BE54-9A1E7A4F7556}") = "API", "API\API.csproj", "{B3237A26-87CD-495E-A793-4C2C1A4B2019}"
EndProject
Project("{9A19103F-16F7-4668-BE54-9A1E7A4F7556}") = "DataAccess", "DataAccess\DataAccess.csproj", "{B91F9988-4322-4DFE-B985-00CCC59DCE19}"
EndProject
Project("{9A19103F-16F7-4668-BE54-9A1E7A4F7556}") = "Server", "Server\Server.csproj", "{C14950D0-2BBE-4AA4-B270-40E7EFCF896D}"
EndProject
Project("{FAE04EC0-301F-11D3-BF4B-00C04F79EFBC}") = "ServiceDefaults", "ServiceDefaults\ServiceDefaults.csproj", "{41AFEB86-5E64-4F3C-AA1E-FD65A7D253A0}"
EndProject
Global
	GlobalSection(SolutionConfigurationPlatforms) = preSolution
		Debug|Any CPU = Debug|Any CPU
		Release|Any CPU = Release|Any CPU
	EndGlobalSection
	GlobalSection(ProjectConfigurationPlatforms) = postSolution
		{B3237A26-87CD-495E-A793-4C2C1A4B2019}.Debug|Any CPU.ActiveCfg = Debug|Any CPU
		{B3237A26-87CD-495E-A793-4C2C1A4B2019}.Debug|Any CPU.Build.0 = Debug|Any CPU
		{B3237A26-87CD-495E-A793-4C2C1A4B2019}.Release|Any CPU.ActiveCfg = Release|Any CPU
		{B3237A26-87CD-495E-A793-4C2C1A4B2019}.Release|Any CPU.Build.0 = Release|Any CPU
		{B91F9988-4322-4DFE-B985-00CCC59DCE19}.Debug|Any CPU.ActiveCfg = Debug|Any CPU
		{B91F9988-4322-4DFE-B985-00CCC59DCE19}.Debug|Any CPU.Build.0 = Debug|Any CPU
		{B91F9988-4322-4DFE-B985-00CCC59DCE19}.Release|Any CPU.ActiveCfg = Release|Any CPU
		{B91F9988-4322-4DFE-B985-00CCC59DCE19}.Release|Any CPU.Build.0 = Release|Any CPU
		{C14950D0-2BBE-4AA4-B270-40E7EFCF896D}.Debug|Any CPU.ActiveCfg = Debug|Any CPU
		{C14950D0-2BBE-4AA4-B270-40E7EFCF896D}.Debug|Any CPU.Build.0 = Debug|Any CPU
		{C14950D0-2BBE-4AA4-B270-40E7EFCF896D}.Release|Any CPU.ActiveCfg = Release|Any CPU
		{C14950D0-2BBE-4AA4-B270-40E7EFCF896D}.Release|Any CPU.Build.0 = Release|Any CPU
		{41AFEB86-5E64-4F3C-AA1E-FD65A7D253A0}.Debug|Any CPU.ActiveCfg = Debug|Any CPU
		{41AFEB86-5E64-4F3C-AA1E-FD65A7D253A0}.Debug|Any CPU.Build.0 = Debug|Any CPU
		{41AFEB86-5E64-4F3C-AA1E-FD65A7D253A0}.Release|Any CPU.ActiveCfg = Release|Any CPU
		{41AFEB86-5E64-4F3C-AA1E-FD65A7D253A0}.Release|Any CPU.Build.0 = Release|Any CPU
	EndGlobalSection
	GlobalSection(SolutionProperties) = preSolution
		HideSolutionNode = FALSE
	EndGlobalSection
	GlobalSection(ExtensibilityGlobals) = postSolution
		SolutionGuid = {1D100156-04F9-470B-8AD2-B0CACB804970}
	EndGlobalSection
EndGlobal
